PODS:
  - BigInt (5.0.0)
  - CryptoSwift (1.5.1)
  - external_app_launcher (0.0.1):
    - Flutter
  - Flutter (1.0.0)
  - flutter_native_splash (0.0.1):
    - Flutter
  - flutter_secure_storage (6.0.0):
    - Flutter
  - GenericJSON (2.0.2)
  - KeychainSwift (20.0.0)
  - secp256k1.swift (0.1.4)
  - url_launcher_ios (0.0.1):
    - Flutter
  - web3.swift (0.9.3):
    - BigInt (~> 5.0.0)
    - GenericJSON (~> 2.0)
    - secp256k1.swift (~> 0.1)
  - Web3Auth (5.0.0):
    - CryptoSwift (~> 1.5.1)
    - KeychainSwift (~> 20.0.0)
    - web3.swift (~> 0.9.3)
  - web3auth_flutter (0.1.1):
    - Flutter
    - Web3Auth (~> 5.0.0)

DEPENDENCIES:
  - external_app_launcher (from `.symlinks/plugins/external_app_launcher/ios`)
  - Flutter (from `Flutter`)
  - flutter_native_splash (from `.symlinks/plugins/flutter_native_splash/ios`)
  - flutter_secure_storage (from `.symlinks/plugins/flutter_secure_storage/ios`)
  - url_launcher_ios (from `.symlinks/plugins/url_launcher_ios/ios`)
  - web3auth_flutter (from `.symlinks/plugins/web3auth_flutter/ios`)

SPEC REPOS:
  trunk:
    - BigInt
    - CryptoSwift
    - GenericJSON
    - KeychainSwift
    - secp256k1.swift
    - web3.swift
    - Web3Auth

EXTERNAL SOURCES:
  external_app_launcher:
    :path: ".symlinks/plugins/external_app_launcher/ios"
  Flutter:
    :path: Flutter
  flutter_native_splash:
    :path: ".symlinks/plugins/flutter_native_splash/ios"
  flutter_secure_storage:
    :path: ".symlinks/plugins/flutter_secure_storage/ios"
  url_launcher_ios:
    :path: ".symlinks/plugins/url_launcher_ios/ios"
  web3auth_flutter:
    :path: ".symlinks/plugins/web3auth_flutter/ios"

SPEC CHECKSUMS:
  BigInt: 74b4d88367b0e819d9f77393549226d36faeb0d8
  CryptoSwift: c4f2debceb38bf44c80659afe009f71e23e4a082
  external_app_launcher: ad55ac844aa21f2d2197d7cec58ff0d0dc40bbc0
  Flutter: f04841e97a9d0b0a8025694d0796dd46242b2854
  flutter_native_splash: 52501b97d1c0a5f898d687f1646226c1f93c56ef
  flutter_secure_storage: 23fc622d89d073675f2eaa109381aefbcf5a49be
  GenericJSON: 79a840eeb77030962e8cf02a62d36bd413b67626
  KeychainSwift: 0ce6a4d13f7228054d1a71bb1b500448fb2ab837
  secp256k1.swift: a7e7a214f6db6ce5db32cc6b2b45e5c4dd633634
  url_launcher_ios: 08a3dfac5fb39e8759aeb0abbd5d9480f30fc8b4
  web3.swift: c6c3bf1f853743f8a7a58d263e5f7e46545e22c7
  Web3Auth: 3ef09358f409cf6b2b57f3bcc074281ac73681a1
  web3auth_flutter: c40401ed4bb3aff723349a382ddae9809eeee959

PODFILE CHECKSUM: 775997f741c536251164e3eacf6e34abf2eb7a17

COCOAPODS: 1.11.3
