PODS:
  - BigInt (5.0.0)
  - CryptoSwift (1.8.0)
  - external_app_launcher (0.0.1):
    - Flutter
  - Flutter (1.0.0)
  - flutter_native_splash (0.0.1):
    - Flutter
  - flutter_secure_storage (6.0.0):
    - Flutter
  - GenericJSON (2.0.2)
  - KeychainSwift (20.0.0)
  - Logging (1.0.0)
  - path_provider_foundation (0.0.1):
    - Flutter
    - FlutterMacOS
  - secp256k1.swift (0.1.4)
  - TorusSessionManager (3.0.1):
    - CryptoSwift (~> 1.8.0)
    - KeychainSwift (~> 20.0.0)
    - web3.swift (~> 1.6.0)
  - url_launcher_ios (0.0.1):
    - Flutter
  - web3.swift (1.6.0):
    - BigInt (~> 5.0.0)
    - GenericJSON (~> 2.0)
    - Logging (~> 1.0.0)
    - secp256k1.swift (~> 0.1)
  - Web3Auth (7.2.0):
    - CryptoSwift (~> 1.8.0)
    - KeychainSwift (~> 20.0.0)
    - TorusSessionManager (~> 3.0.1)
    - web3.swift (~> 1.6.0)
  - web3auth_flutter (2.0.0):
    - Flutter
    - Web3Auth (~> 7.2.0)

DEPENDENCIES:
  - external_app_launcher (from `.symlinks/plugins/external_app_launcher/ios`)
  - Flutter (from `Flutter`)
  - flutter_native_splash (from `.symlinks/plugins/flutter_native_splash/ios`)
  - flutter_secure_storage (from `.symlinks/plugins/flutter_secure_storage/ios`)
  - path_provider_foundation (from `.symlinks/plugins/path_provider_foundation/darwin`)
  - url_launcher_ios (from `.symlinks/plugins/url_launcher_ios/ios`)
  - web3auth_flutter (from `.symlinks/plugins/web3auth_flutter/ios`)

SPEC REPOS:
  trunk:
    - BigInt
    - CryptoSwift
    - GenericJSON
    - KeychainSwift
    - Logging
    - secp256k1.swift
    - TorusSessionManager
    - web3.swift
    - Web3Auth

EXTERNAL SOURCES:
  external_app_launcher:
    :path: ".symlinks/plugins/external_app_launcher/ios"
  Flutter:
    :path: Flutter
  flutter_native_splash:
    :path: ".symlinks/plugins/flutter_native_splash/ios"
  flutter_secure_storage:
    :path: ".symlinks/plugins/flutter_secure_storage/ios"
  path_provider_foundation:
    :path: ".symlinks/plugins/path_provider_foundation/darwin"
  url_launcher_ios:
    :path: ".symlinks/plugins/url_launcher_ios/ios"
  web3auth_flutter:
    :path: ".symlinks/plugins/web3auth_flutter/ios"

SPEC CHECKSUMS:
  BigInt: 74b4d88367b0e819d9f77393549226d36faeb0d8
  CryptoSwift: 52aaf3fce7337552863b1d952e408085f0e65030
  external_app_launcher: ad55ac844aa21f2d2197d7cec58ff0d0dc40bbc0
  Flutter: f04841e97a9d0b0a8025694d0796dd46242b2854
  flutter_native_splash: 52501b97d1c0a5f898d687f1646226c1f93c56ef
  flutter_secure_storage: 23fc622d89d073675f2eaa109381aefbcf5a49be
  GenericJSON: 79a840eeb77030962e8cf02a62d36bd413b67626
  KeychainSwift: 0ce6a4d13f7228054d1a71bb1b500448fb2ab837
  Logging: 9ef4ecb546ad3169398d5a723bc9bea1c46bef26
  path_provider_foundation: 29f094ae23ebbca9d3d0cec13889cd9060c0e943
  secp256k1.swift: a7e7a214f6db6ce5db32cc6b2b45e5c4dd633634
  TorusSessionManager: 829495789427b7ad7e29f2b535092a44f3900b42
  url_launcher_ios: 68d46cc9766d0c41dbdc884310529557e3cd7a86
  web3.swift: 2263d1e12e121b2c42ffb63a5a7beb1acaf33959
  Web3Auth: f11f6b8ed684ea47a362738758e444d22eeea691
  web3auth_flutter: f260e2b6b437c0c62b16bbbf0eacbb46fc73378a

PODFILE CHECKSUM: 775997f741c536251164e3eacf6e34abf2eb7a17

COCOAPODS: 1.12.1
